
Microsoft Visual Studio Solution File, Format Version 11.00
# Visual Studio 2010
Project("{FAE04EC0-301F-11D3-BF4B-00C04F79EFBC}") = "BigGameF2011", "BigGameF2011\BigGameF2011\BigGameF2011.csproj", "{8E63F14B-B15B-4E79-8E8B-C213AE490FB9}"
EndProject
Project("{FAE04EC0-301F-11D3-BF4B-00C04F79EFBC}") = "BigGameF2011Content", "BigGameF2011\BigGameF2011Content\BigGameF2011Content.contentproj", "{946E12BD-69C7-4C6F-A65F-A9B0E2B92168}"
EndProject
Project("{FAE04EC0-301F-11D3-BF4B-00C04F79EFBC}") = "Xbox 360 Copy of BigGameF2011", "BigGameF2011\BigGameF2011\Xbox 360 Copy of BigGameF2011.csproj", "{C1240DAA-5B1C-48CA-91FC-C12F44E8B155}"
EndProject
Global
	GlobalSection(SolutionConfigurationPlatforms) = preSolution
		Debug|Mixed Platforms = Debug|Mixed Platforms
		Debug|x86 = Debug|x86
		Debug|Xbox 360 = Debug|Xbox 360
		Release|Mixed Platforms = Release|Mixed Platforms
		Release|x86 = Release|x86
		Release|Xbox 360 = Release|Xbox 360
	EndGlobalSection
	GlobalSection(ProjectConfigurationPlatforms) = postSolution
		{8E63F14B-B15B-4E79-8E8B-C213AE490FB9}.Debug|Mixed Platforms.ActiveCfg = Debug|x86
		{8E63F14B-B15B-4E79-8E8B-C213AE490FB9}.Debug|Mixed Platforms.Build.0 = Debug|x86
		{8E63F14B-B15B-4E79-8E8B-C213AE490FB9}.Debug|x86.ActiveCfg = Debug|x86
		{8E63F14B-B15B-4E79-8E8B-C213AE490FB9}.Debug|x86.Build.0 = Debug|x86
		{8E63F14B-B15B-4E79-8E8B-C213AE490FB9}.Debug|Xbox 360.ActiveCfg = Debug|x86
		{8E63F14B-B15B-4E79-8E8B-C213AE490FB9}.Debug|Xbox 360.Build.0 = Debug|x86
		{8E63F14B-B15B-4E79-8E8B-C213AE490FB9}.Release|Mixed Platforms.ActiveCfg = Release|x86
		{8E63F14B-B15B-4E79-8E8B-C213AE490FB9}.Release|Mixed Platforms.Build.0 = Release|x86
		{8E63F14B-B15B-4E79-8E8B-C213AE490FB9}.Release|x86.ActiveCfg = Release|x86
		{8E63F14B-B15B-4E79-8E8B-C213AE490FB9}.Release|x86.Build.0 = Release|x86
		{8E63F14B-B15B-4E79-8E8B-C213AE490FB9}.Release|Xbox 360.ActiveCfg = Release|x86
		{8E63F14B-B15B-4E79-8E8B-C213AE490FB9}.Release|Xbox 360.Build.0 = Release|x86
		{946E12BD-69C7-4C6F-A65F-A9B0E2B92168}.Debug|Mixed Platforms.ActiveCfg = Debug|x86
		{946E12BD-69C7-4C6F-A65F-A9B0E2B92168}.Debug|x86.ActiveCfg = Debug|x86
		{946E12BD-69C7-4C6F-A65F-A9B0E2B92168}.Debug|Xbox 360.ActiveCfg = Debug|x86
		{946E12BD-69C7-4C6F-A65F-A9B0E2B92168}.Release|Mixed Platforms.ActiveCfg = Release|x86
		{946E12BD-69C7-4C6F-A65F-A9B0E2B92168}.Release|x86.ActiveCfg = Release|x86
		{946E12BD-69C7-4C6F-A65F-A9B0E2B92168}.Release|Xbox 360.ActiveCfg = Release|x86
		{C1240DAA-5B1C-48CA-91FC-C12F44E8B155}.Debug|Mixed Platforms.ActiveCfg = Debug|Xbox 360
		{C1240DAA-5B1C-48CA-91FC-C12F44E8B155}.Debug|Mixed Platforms.Build.0 = Debug|Xbox 360
		{C1240DAA-5B1C-48CA-91FC-C12F44E8B155}.Debug|Mixed Platforms.Deploy.0 = Debug|Xbox 360
		{C1240DAA-5B1C-48CA-91FC-C12F44E8B155}.Debug|x86.ActiveCfg = Debug|Xbox 360
		{C1240DAA-5B1C-48CA-91FC-C12F44E8B155}.Debug|Xbox 360.ActiveCfg = Debug|Xbox 360
		{C1240DAA-5B1C-48CA-91FC-C12F44E8B155}.Debug|Xbox 360.Build.0 = Debug|Xbox 360
		{C1240DAA-5B1C-48CA-91FC-C12F44E8B155}.Debug|Xbox 360.Deploy.0 = Debug|Xbox 360
		{C1240DAA-5B1C-48CA-91FC-C12F44E8B155}.Release|Mixed Platforms.ActiveCfg = Release|Xbox 360
		{C1240DAA-5B1C-48CA-91FC-C12F44E8B155}.Release|Mixed Platforms.Build.0 = Release|Xbox 360
		{C1240DAA-5B1C-48CA-91FC-C12F44E8B155}.Release|Mixed Platforms.Deploy.0 = Release|Xbox 360
		{C1240DAA-5B1C-48CA-91FC-C12F44E8B155}.Release|x86.ActiveCfg = Release|Xbox 360
		{C1240DAA-5B1C-48CA-91FC-C12F44E8B155}.Release|Xbox 360.ActiveCfg = Release|Xbox 360
		{C1240DAA-5B1C-48CA-91FC-C12F44E8B155}.Release|Xbox 360.Build.0 = Release|Xbox 360
		{C1240DAA-5B1C-48CA-91FC-C12F44E8B155}.Release|Xbox 360.Deploy.0 = Release|Xbox 360
	EndGlobalSection
	GlobalSection(SolutionProperties) = preSolution
		HideSolutionNode = FALSE
	EndGlobalSection
EndGlobal
